
Microsoft Visual Studio Solution File, Format Version 12.00
# Visual Studio Version 16
VisualStudioVersion = 16.0.30406.217
MinimumVisualStudioVersion = 10.0.40219.1
Project("{9A19103F-16F7-4668-BE54-9A1E7A4F7556}") = "Xap", "Xap\Xap\Xap.csproj", "{8469083E-B551-4FD9-BDD7-A10EE61A4CD5}"
EndProject
Project("{FAE04EC0-301F-11D3-BF4B-00C04F79EFBC}") = "Xap.Android", "Xap\Xap.Android\Xap.Android.csproj", "{3D0AC390-9A78-4A65-B746-9D5C46E1AD30}"
EndProject
Project("{FAE04EC0-301F-11D3-BF4B-00C04F79EFBC}") = "Xap.Data", "Xap.Data\Xap.Data.csproj", "{99848FA3-3900-42F7-8326-E7075CDD726C}"
EndProject
Global
	GlobalSection(SolutionConfigurationPlatforms) = preSolution
		Debug|Any CPU = Debug|Any CPU
		Release|Any CPU = Release|Any CPU
	EndGlobalSection
	GlobalSection(ProjectConfigurationPlatforms) = postSolution
		{8469083E-B551-4FD9-BDD7-A10EE61A4CD5}.Debug|Any CPU.ActiveCfg = Debug|Any CPU
		{8469083E-B551-4FD9-BDD7-A10EE61A4CD5}.Debug|Any CPU.Build.0 = Debug|Any CPU
		{8469083E-B551-4FD9-BDD7-A10EE61A4CD5}.Release|Any CPU.ActiveCfg = Release|Any CPU
		{8469083E-B551-4FD9-BDD7-A10EE61A4CD5}.Release|Any CPU.Build.0 = Release|Any CPU
		{3D0AC390-9A78-4A65-B746-9D5C46E1AD30}.Debug|Any CPU.ActiveCfg = Debug|Any CPU
		{3D0AC390-9A78-4A65-B746-9D5C46E1AD30}.Debug|Any CPU.Build.0 = Debug|Any CPU
		{3D0AC390-9A78-4A65-B746-9D5C46E1AD30}.Debug|Any CPU.Deploy.0 = Debug|Any CPU
		{3D0AC390-9A78-4A65-B746-9D5C46E1AD30}.Release|Any CPU.ActiveCfg = Release|Any CPU
		{3D0AC390-9A78-4A65-B746-9D5C46E1AD30}.Release|Any CPU.Build.0 = Release|Any CPU
		{3D0AC390-9A78-4A65-B746-9D5C46E1AD30}.Release|Any CPU.Deploy.0 = Release|Any CPU
		{99848FA3-3900-42F7-8326-E7075CDD726C}.Debug|Any CPU.ActiveCfg = Debug|Any CPU
		{99848FA3-3900-42F7-8326-E7075CDD726C}.Debug|Any CPU.Build.0 = Debug|Any CPU
		{99848FA3-3900-42F7-8326-E7075CDD726C}.Release|Any CPU.ActiveCfg = Release|Any CPU
		{99848FA3-3900-42F7-8326-E7075CDD726C}.Release|Any CPU.Build.0 = Release|Any CPU
	EndGlobalSection
	GlobalSection(SolutionProperties) = preSolution
		HideSolutionNode = FALSE
	EndGlobalSection
	GlobalSection(ExtensibilityGlobals) = postSolution
		SolutionGuid = {2E7AAE85-164A-4409-B4D9-2958517A0CC7}
	EndGlobalSection
EndGlobal
